// !$*UTF8*$!
{
	archiveVersion = 1;
	classes = {
	};
	objectVersion = 56;
	objects = {

/* Begin PBXBuildFile section */
		F58A761C29B218030063F3F0 /* laundrologyApp.swift in Sources */ = {isa = PBXBuildFile; fileRef = F58A761B29B218030063F3F0 /* laundrologyApp.swift */; };
		F58A761E29B218030063F3F0 /* ContentView.swift in Sources */ = {isa = PBXBuildFile; fileRef = F58A761D29B218030063F3F0 /* ContentView.swift */; };
		F58A762029B218040063F3F0 /* Assets.xcassets in Resources */ = {isa = PBXBuildFile; fileRef = F58A761F29B218040063F3F0 /* Assets.xcassets */; };
		F58A762329B218040063F3F0 /* Preview Assets.xcassets in Resources */ = {isa = PBXBuildFile; fileRef = F58A762229B218040063F3F0 /* Preview Assets.xcassets */; };
		F58D585F29BB4A7A00875AAF /* MainView.swift in Sources */ = {isa = PBXBuildFile; fileRef = F58D585E29BB4A7A00875AAF /* MainView.swift */; };
		F58D586229BB595C00875AAF /* SymbolsView.swift in Sources */ = {isa = PBXBuildFile; fileRef = F58D586129BB595C00875AAF /* SymbolsView.swift */; };
		F58D586529BB597900875AAF /* CameraView.swift in Sources */ = {isa = PBXBuildFile; fileRef = F58D586429BB597900875AAF /* CameraView.swift */; };
		F58D586829BB59BA00875AAF /* HomeView.swift in Sources */ = {isa = PBXBuildFile; fileRef = F58D586729BB59BA00875AAF /* HomeView.swift */; };
		F58D586A29BB5AF800875AAF /* SymbolsListView.swift in Sources */ = {isa = PBXBuildFile; fileRef = F58D586929BB5AF800875AAF /* SymbolsListView.swift */; };
/* End PBXBuildFile section */

/* Begin PBXFileReference section */
		F58A761829B218030063F3F0 /* laundrology.app */ = {isa = PBXFileReference; explicitFileType = wrapper.application; includeInIndex = 0; path = laundrology.app; sourceTree = BUILT_PRODUCTS_DIR; };
		F58A761B29B218030063F3F0 /* laundrologyApp.swift */ = {isa = PBXFileReference; lastKnownFileType = sourcecode.swift; path = laundrologyApp.swift; sourceTree = "<group>"; };
		F58A761D29B218030063F3F0 /* ContentView.swift */ = {isa = PBXFileReference; lastKnownFileType = sourcecode.swift; path = ContentView.swift; sourceTree = "<group>"; };
		F58A761F29B218040063F3F0 /* Assets.xcassets */ = {isa = PBXFileReference; lastKnownFileType = folder.assetcatalog; path = Assets.xcassets; sourceTree = "<group>"; };
		F58A762229B218040063F3F0 /* Preview Assets.xcassets */ = {isa = PBXFileReference; lastKnownFileType = folder.assetcatalog; path = "Preview Assets.xcassets"; sourceTree = "<group>"; };
		F58D585E29BB4A7A00875AAF /* MainView.swift */ = {isa = PBXFileReference; lastKnownFileType = sourcecode.swift; path = MainView.swift; sourceTree = "<group>"; };
		F58D586129BB595C00875AAF /* SymbolsView.swift */ = {isa = PBXFileReference; lastKnownFileType = sourcecode.swift; path = SymbolsView.swift; sourceTree = "<group>"; };
		F58D586429BB597900875AAF /* CameraView.swift */ = {isa = PBXFileReference; lastKnownFileType = sourcecode.swift; path = CameraView.swift; sourceTree = "<group>"; };
		F58D586729BB59BA00875AAF /* HomeView.swift */ = {isa = PBXFileReference; lastKnownFileType = sourcecode.swift; path = HomeView.swift; sourceTree = "<group>"; };
		F58D586929BB5AF800875AAF /* SymbolsListView.swift */ = {isa = PBXFileReference; lastKnownFileType = sourcecode.swift; path = SymbolsListView.swift; sourceTree = "<group>"; };
/* End PBXFileReference section */

/* Begin PBXFrameworksBuildPhase section */
		F58A761529B218030063F3F0 /* Frameworks */ = {
			isa = PBXFrameworksBuildPhase;
			buildActionMask = 2147483647;
			files = (
			);
			runOnlyForDeploymentPostprocessing = 0;
		};
/* End PBXFrameworksBuildPhase section */

/* Begin PBXGroup section */
		F58A760F29B218030063F3F0 = {
			isa = PBXGroup;
			children = (
				F58A761A29B218030063F3F0 /* laundrology */,
				F58A761929B218030063F3F0 /* Products */,
			);
			sourceTree = "<group>";
		};
		F58A761929B218030063F3F0 /* Products */ = {
			isa = PBXGroup;
			children = (
				F58A761829B218030063F3F0 /* laundrology.app */,
			);
			name = Products;
			sourceTree = "<group>";
		};
		F58A761A29B218030063F3F0 /* laundrology */ = {
			isa = PBXGroup;
			children = (
				F58D586629BB59A500875AAF /* Home */,
				F58D586329BB596300875AAF /* Scan */,
				F58D586029BB592800875AAF /* Symbols */,
				F58D585D29BB4A4E00875AAF /* Main */,
				F58A761B29B218030063F3F0 /* laundrologyApp.swift */,
				F58A761D29B218030063F3F0 /* ContentView.swift */,
				F58A761F29B218040063F3F0 /* Assets.xcassets */,
				F58A762129B218040063F3F0 /* Preview Content */,
			);
			path = laundrology;
			sourceTree = "<group>";
		};
		F58A762129B218040063F3F0 /* Preview Content */ = {
			isa = PBXGroup;
			children = (
				F58A762229B218040063F3F0 /* Preview Assets.xcassets */,
			);
			path = "Preview Content";
			sourceTree = "<group>";
		};
		F58D585D29BB4A4E00875AAF /* Main */ = {
			isa = PBXGroup;
			children = (
				F58D585E29BB4A7A00875AAF /* MainView.swift */,
			);
			path = Main;
			sourceTree = "<group>";
		};
		F58D586029BB592800875AAF /* Symbols */ = {
			isa = PBXGroup;
			children = (
				F58D586129BB595C00875AAF /* SymbolsView.swift */,
				F58D586929BB5AF800875AAF /* SymbolsListView.swift */,
			);
			path = Symbols;
			sourceTree = "<group>";
		};
		F58D586329BB596300875AAF /* Scan */ = {
			isa = PBXGroup;
			children = (
				F58D586429BB597900875AAF /* CameraView.swift */,
			);
			path = Scan;
			sourceTree = "<group>";
		};
		F58D586629BB59A500875AAF /* Home */ = {
			isa = PBXGroup;
			children = (
				F58D586729BB59BA00875AAF /* HomeView.swift */,
			);
			path = Home;
			sourceTree = "<group>";
		};
/* End PBXGroup section */

/* Begin PBXNativeTarget section */
		F58A761729B218030063F3F0 /* laundrology */ = {
			isa = PBXNativeTarget;
			buildConfigurationList = F58A762629B218040063F3F0 /* Build configuration list for PBXNativeTarget "laundrology" */;
			buildPhases = (
				F58A761429B218030063F3F0 /* Sources */,
				F58A761529B218030063F3F0 /* Frameworks */,
				F58A761629B218030063F3F0 /* Resources */,
			);
			buildRules = (
			);
			dependencies = (
			);
			name = laundrology;
			productName = laundrology;
			productReference = F58A761829B218030063F3F0 /* laundrology.app */;
			productType = "com.apple.product-type.application";
		};
/* End PBXNativeTarget section */

/* Begin PBXProject section */
		F58A761029B218030063F3F0 /* Project object */ = {
			isa = PBXProject;
			attributes = {
				BuildIndependentTargetsInParallel = 1;
				LastSwiftUpdateCheck = 1420;
				LastUpgradeCheck = 1420;
				TargetAttributes = {
					F58A761729B218030063F3F0 = {
						CreatedOnToolsVersion = 14.2;
					};
				};
			};
			buildConfigurationList = F58A761329B218030063F3F0 /* Build configuration list for PBXProject "laundrology" */;
			compatibilityVersion = "Xcode 14.0";
			developmentRegion = en;
			hasScannedForEncodings = 0;
			knownRegions = (
				en,
				Base,
			);
			mainGroup = F58A760F29B218030063F3F0;
			productRefGroup = F58A761929B218030063F3F0 /* Products */;
			projectDirPath = "";
			projectRoot = "";
			targets = (
				F58A761729B218030063F3F0 /* laundrology */,
			);
		};
/* End PBXProject section */

/* Begin PBXResourcesBuildPhase section */
		F58A761629B218030063F3F0 /* Resources */ = {
			isa = PBXResourcesBuildPhase;
			buildActionMask = 2147483647;
			files = (
				F58A762329B218040063F3F0 /* Preview Assets.xcassets in Resources */,
				F58A762029B218040063F3F0 /* Assets.xcassets in Resources */,
			);
			runOnlyForDeploymentPostprocessing = 0;
		};
/* End PBXResourcesBuildPhase section */

/* Begin PBXSourcesBuildPhase section */
		F58A761429B218030063F3F0 /* Sources */ = {
			isa = PBXSourcesBuildPhase;
			buildActionMask = 2147483647;
			files = (
				F58D586229BB595C00875AAF /* SymbolsView.swift in Sources */,
				F58A761E29B218030063F3F0 /* ContentView.swift in Sources */,
				F58D585F29BB4A7A00875AAF /* MainView.swift in Sources */,
				F58D586829BB59BA00875AAF /* HomeView.swift in Sources */,
				F58D586A29BB5AF800875AAF /* SymbolsListView.swift in Sources */,
				F58D586529BB597900875AAF /* CameraView.swift in Sources */,
				F58A761C29B218030063F3F0 /* laundrologyApp.swift in Sources */,
			);
			runOnlyForDeploymentPostprocessing = 0;
		};
/* End PBXSourcesBuildPhase section */

/* Begin XCBuildConfiguration section */
		F58A762429B218040063F3F0 /* Debug */ = {
			isa = XCBuildConfiguration;
			buildSettings = {
				ALWAYS_SEARCH_USER_PATHS = NO;
				CLANG_ANALYZER_NONNULL = YES;
				CLANG_ANALYZER_NUMBER_OBJECT_CONVERSION = YES_AGGRESSIVE;
				CLANG_CXX_LANGUAGE_STANDARD = "gnu++20";
				CLANG_ENABLE_MODULES = YES;
				CLANG_ENABLE_OBJC_ARC = YES;
				CLANG_ENABLE_OBJC_WEAK = YES;
				CLANG_WARN_BLOCK_CAPTURE_AUTORELEASING = YES;
				CLANG_WARN_BOOL_CONVERSION = YES;
				CLANG_WARN_COMMA = YES;
				CLANG_WARN_CONSTANT_CONVERSION = YES;
				CLANG_WARN_DEPRECATED_OBJC_IMPLEMENTATIONS = YES;
				CLANG_WARN_DIRECT_OBJC_ISA_USAGE = YES_ERROR;
				CLANG_WARN_DOCUMENTATION_COMMENTS = YES;
				CLANG_WARN_EMPTY_BODY = YES;
				CLANG_WARN_ENUM_CONVERSION = YES;
				CLANG_WARN_INFINITE_RECURSION = YES;
				CLANG_WARN_INT_CONVERSION = YES;
				CLANG_WARN_NON_LITERAL_NULL_CONVERSION = YES;
				CLANG_WARN_OBJC_IMPLICIT_RETAIN_SELF = YES;
				CLANG_WARN_OBJC_LITERAL_CONVERSION = YES;
				CLANG_WARN_OBJC_ROOT_CLASS = YES_ERROR;
				CLANG_WARN_QUOTED_INCLUDE_IN_FRAMEWORK_HEADER = YES;
				CLANG_WARN_RANGE_LOOP_ANALYSIS = YES;
				CLANG_WARN_STRICT_PROTOTYPES = YES;
				CLANG_WARN_SUSPICIOUS_MOVE = YES;
				CLANG_WARN_UNGUARDED_AVAILABILITY = YES_AGGRESSIVE;
				CLANG_WARN_UNREACHABLE_CODE = YES;
				CLANG_WARN__DUPLICATE_METHOD_MATCH = YES;
				COPY_PHASE_STRIP = NO;
				DEBUG_INFORMATION_FORMAT = dwarf;
				ENABLE_STRICT_OBJC_MSGSEND = YES;
				ENABLE_TESTABILITY = YES;
				GCC_C_LANGUAGE_STANDARD = gnu11;
				GCC_DYNAMIC_NO_PIC = NO;
				GCC_NO_COMMON_BLOCKS = YES;
				GCC_OPTIMIZATION_LEVEL = 0;
				GCC_PREPROCESSOR_DEFINITIONS = (
					"DEBUG=1",
					"$(inherited)",
				);
				GCC_WARN_64_TO_32_BIT_CONVERSION = YES;
				GCC_WARN_ABOUT_RETURN_TYPE = YES_ERROR;
				GCC_WARN_UNDECLARED_SELECTOR = YES;
				GCC_WARN_UNINITIALIZED_AUTOS = YES_AGGRESSIVE;
				GCC_WARN_UNUSED_FUNCTION = YES;
				GCC_WARN_UNUSED_VARIABLE = YES;
				IPHONEOS_DEPLOYMENT_TARGET = 16.2;
				MTL_ENABLE_DEBUG_INFO = INCLUDE_SOURCE;
				MTL_FAST_MATH = YES;
				ONLY_ACTIVE_ARCH = YES;
				SDKROOT = iphoneos;
				SWIFT_ACTIVE_COMPILATION_CONDITIONS = DEBUG;
				SWIFT_OPTIMIZATION_LEVEL = "-Onone";
			};
			name = Debug;
		};
		F58A762529B218040063F3F0 /* Release */ = {
			isa = XCBuildConfiguration;
			buildSettings = {
				ALWAYS_SEARCH_USER_PATHS = NO;
				CLANG_ANALYZER_NONNULL = YES;
				CLANG_ANALYZER_NUMBER_OBJECT_CONVERSION = YES_AGGRESSIVE;
				CLANG_CXX_LANGUAGE_STANDARD = "gnu++20";
				CLANG_ENABLE_MODULES = YES;
				CLANG_ENABLE_OBJC_ARC = YES;
				CLANG_ENABLE_OBJC_WEAK = YES;
				CLANG_WARN_BLOCK_CAPTURE_AUTORELEASING = YES;
				CLANG_WARN_BOOL_CONVERSION = YES;
				CLANG_WARN_COMMA = YES;
				CLANG_WARN_CONSTANT_CONVERSION = YES;
				CLANG_WARN_DEPRECATED_OBJC_IMPLEMENTATIONS = YES;
				CLANG_WARN_DIRECT_OBJC_ISA_USAGE = YES_ERROR;
				CLANG_WARN_DOCUMENTATION_COMMENTS = YES;
				CLANG_WARN_EMPTY_BODY = YES;
				CLANG_WARN_ENUM_CONVERSION = YES;
				CLANG_WARN_INFINITE_RECURSION = YES;
				CLANG_WARN_INT_CONVERSION = YES;
				CLANG_WARN_NON_LITERAL_NULL_CONVERSION = YES;
				CLANG_WARN_OBJC_IMPLICIT_RETAIN_SELF = YES;
				CLANG_WARN_OBJC_LITERAL_CONVERSION = YES;
				CLANG_WARN_OBJC_ROOT_CLASS = YES_ERROR;
				CLANG_WARN_QUOTED_INCLUDE_IN_FRAMEWORK_HEADER = YES;
				CLANG_WARN_RANGE_LOOP_ANALYSIS = YES;
				CLANG_WARN_STRICT_PROTOTYPES = YES;
				CLANG_WARN_SUSPICIOUS_MOVE = YES;
				CLANG_WARN_UNGUARDED_AVAILABILITY = YES_AGGRESSIVE;
				CLANG_WARN_UNREACHABLE_CODE = YES;
				CLANG_WARN__DUPLICATE_METHOD_MATCH = YES;
				COPY_PHASE_STRIP = NO;
				DEBUG_INFORMATION_FORMAT = "dwarf-with-dsym";
				ENABLE_NS_ASSERTIONS = NO;
				ENABLE_STRICT_OBJC_MSGSEND = YES;
				GCC_C_LANGUAGE_STANDARD = gnu11;
				GCC_NO_COMMON_BLOCKS = YES;
				GCC_WARN_64_TO_32_BIT_CONVERSION = YES;
				GCC_WARN_ABOUT_RETURN_TYPE = YES_ERROR;
				GCC_WARN_UNDECLARED_SELECTOR = YES;
				GCC_WARN_UNINITIALIZED_AUTOS = YES_AGGRESSIVE;
				GCC_WARN_UNUSED_FUNCTION = YES;
				GCC_WARN_UNUSED_VARIABLE = YES;
				IPHONEOS_DEPLOYMENT_TARGET = 16.2;
				MTL_ENABLE_DEBUG_INFO = NO;
				MTL_FAST_MATH = YES;
				SDKROOT = iphoneos;
				SWIFT_COMPILATION_MODE = wholemodule;
				SWIFT_OPTIMIZATION_LEVEL = "-O";
				VALIDATE_PRODUCT = YES;
			};
			name = Release;
		};
		F58A762729B218040063F3F0 /* Debug */ = {
			isa = XCBuildConfiguration;
			buildSettings = {
				ASSETCATALOG_COMPILER_APPICON_NAME = AppIcon;
				ASSETCATALOG_COMPILER_GLOBAL_ACCENT_COLOR_NAME = AccentColor;
				CODE_SIGN_STYLE = Automatic;
				CURRENT_PROJECT_VERSION = 1;
				DEVELOPMENT_ASSET_PATHS = "\"laundrology/Preview Content\"";
				DEVELOPMENT_TEAM = 9SCBJUS7RL;
				ENABLE_PREVIEWS = YES;
				GENERATE_INFOPLIST_FILE = YES;
				INFOPLIST_KEY_UIApplicationSceneManifest_Generation = YES;
				INFOPLIST_KEY_UIApplicationSupportsIndirectInputEvents = YES;
				INFOPLIST_KEY_UILaunchScreen_Generation = YES;
				INFOPLIST_KEY_UISupportedInterfaceOrientations_iPad = "UIInterfaceOrientationPortrait UIInterfaceOrientationPortraitUpsideDown UIInterfaceOrientationLandscapeLeft UIInterfaceOrientationLandscapeRight";
				INFOPLIST_KEY_UISupportedInterfaceOrientations_iPhone = "UIInterfaceOrientationPortrait UIInterfaceOrientationLandscapeLeft UIInterfaceOrientationLandscapeRight";
				LD_RUNPATH_SEARCH_PATHS = (
					"$(inherited)",
					"@executable_path/Frameworks",
				);
				MARKETING_VERSION = 1.0;
				PRODUCT_BUNDLE_IDENTIFIER = cz.muni.2023.laundrology;
				PRODUCT_NAME = "$(TARGET_NAME)";
				SWIFT_EMIT_LOC_STRINGS = YES;
				SWIFT_VERSION = 5.0;
				TARGETED_DEVICE_FAMILY = "1,2";
			};
			name = Debug;
		};
		F58A762829B218040063F3F0 /* Release */ = {
			isa = XCBuildConfiguration;
			buildSettings = {
				ASSETCATALOG_COMPILER_APPICON_NAME = AppIcon;
				ASSETCATALOG_COMPILER_GLOBAL_ACCENT_COLOR_NAME = AccentColor;
				CODE_SIGN_STYLE = Automatic;
				CURRENT_PROJECT_VERSION = 1;
				DEVELOPMENT_ASSET_PATHS = "\"laundrology/Preview Content\"";
				DEVELOPMENT_TEAM = 9SCBJUS7RL;
				ENABLE_PREVIEWS = YES;
				GENERATE_INFOPLIST_FILE = YES;
				INFOPLIST_KEY_UIApplicationSceneManifest_Generation = YES;
				INFOPLIST_KEY_UIApplicationSupportsIndirectInputEvents = YES;
				INFOPLIST_KEY_UILaunchScreen_Generation = YES;
				INFOPLIST_KEY_UISupportedInterfaceOrientations_iPad = "UIInterfaceOrientationPortrait UIInterfaceOrientationPortraitUpsideDown UIInterfaceOrientationLandscapeLeft UIInterfaceOrientationLandscapeRight";
				INFOPLIST_KEY_UISupportedInterfaceOrientations_iPhone = "UIInterfaceOrientationPortrait UIInterfaceOrientationLandscapeLeft UIInterfaceOrientationLandscapeRight";
				LD_RUNPATH_SEARCH_PATHS = (
					"$(inherited)",
					"@executable_path/Frameworks",
				);
				MARKETING_VERSION = 1.0;
				PRODUCT_BUNDLE_IDENTIFIER = cz.muni.2023.laundrology;
				PRODUCT_NAME = "$(TARGET_NAME)";
				SWIFT_EMIT_LOC_STRINGS = YES;
				SWIFT_VERSION = 5.0;
				TARGETED_DEVICE_FAMILY = "1,2";
			};
			name = Release;
		};
/* End XCBuildConfiguration section */

/* Begin XCConfigurationList section */
		F58A761329B218030063F3F0 /* Build configuration list for PBXProject "laundrology" */ = {
			isa = XCConfigurationList;
			buildConfigurations = (
				F58A762429B218040063F3F0 /* Debug */,
				F58A762529B218040063F3F0 /* Release */,
			);
			defaultConfigurationIsVisible = 0;
			defaultConfigurationName = Release;
		};
		F58A762629B218040063F3F0 /* Build configuration list for PBXNativeTarget "laundrology" */ = {
			isa = XCConfigurationList;
			buildConfigurations = (
				F58A762729B218040063F3F0 /* Debug */,
				F58A762829B218040063F3F0 /* Release */,
			);
			defaultConfigurationIsVisible = 0;
			defaultConfigurationName = Release;
		};
/* End XCConfigurationList section */
	};
	rootObject = F58A761029B218030063F3F0 /* Project object */;
}
